{
  "name": "benchmarks",
  "version": "0.8.3",
  "lockfileVersion": 1,
  "requires": true,
  "dependencies": {
    "@babel/helper-module-imports": {
      "version": "7.0.0-beta.40",
      "resolved": "https://registry.npmjs.intuit.net/@/@babel/helper-module-imports/_attachments/helper-module-imports-7.0.0-beta.40.tgz",
      "integrity": "sha512-QFOskAKWbqJSBbGIl/Y1igJI4mW0A+wD5NFqsgDJj85KSvj/dHM4wNGIeqCi85nN9aMa4DgTBBrzUK4zSMsN2Q==",
      "requires": {
        "@babel/types": "7.0.0-beta.40",
        "lodash": "^4.2.0"
      }
    },
    "@babel/types": {
      "version": "7.0.0-beta.40",
      "resolved": "https://registry.npmjs.intuit.net/@/@babel/types/_attachments/types-7.0.0-beta.40.tgz",
      "integrity": "sha512-uXCGCzTgMZxcSUzutCPtZmXbVC+cvENgS2e0tRuhn+Y1hZnMb8IHP0Trq7Q2MB/eFmG5pKrAeTIUfQIe5kA4Tg==",
      "requires": {
        "esutils": "^2.0.2",
        "lodash": "^4.2.0",
        "to-fast-properties": "^2.0.0"
      }
    },
    "@emotion/babel-utils": {
      "version": "0.5.3",
      "resolved": "https://registry.npmjs.intuit.net/@/@emotion/babel-utils/_attachments/babel-utils-0.5.3.tgz",
      "integrity": "sha1-a+bdekgP29+2y7p/T22TYXRLjW4="
    },
    "@emotion/hash": {
      "version": "0.6.3",
      "resolved": "https://registry.npmjs.intuit.net/@/@emotion/hash/_attachments/hash-0.6.3.tgz",
      "integrity": "sha1-DnpWBGJvxsbUrEBhovWsgNUCYqQ="
    },
    "@emotion/is-prop-valid": {
      "version": "0.6.2",
      "resolved": "https://registry.npmjs.intuit.net/@/@emotion/is-prop-valid/_attachments/is-prop-valid-0.6.2.tgz",
      "integrity": "sha1-p2oWsXT/A/jjon+vYlm6zSGgKtw=",
      "requires": {
        "@emotion/memoize": "^0.6.2"
      }
    },
    "@emotion/memoize": {
      "version": "0.6.2",
      "resolved": "https://registry.npmjs.intuit.net/@/@emotion/memoize/_attachments/memoize-0.6.2.tgz",
      "integrity": "sha1-E44AszLVGbTjB73tYVnlukiro64="
    },
    "@emotion/stylis": {
      "version": "0.6.8",
      "resolved": "https://registry.npmjs.intuit.net/@/@emotion/stylis/_attachments/stylis-0.6.8.tgz",
      "integrity": "sha1-atTo0ysZtEDvpEgbu8uYqMEnZbs="
    },
    "abbrev": {
      "version": "1.1.1",
      "resolved": "https://registry.npmjs.intuit.net/a/abbrev/_attachments/abbrev-1.1.1.tgz",
      "integrity": "sha512-nne9/IiQ/hzIhY6pdDnbBtz7DjPTKrY00P/zvPSm5pOFkl6xuGrGnXn/VtTNNfNtAfZ9/1RtehkszU9qcTii0Q=="
    },
    "argparse": {
      "version": "1.0.10",
      "resolved": "https://registry.npmjs.intuit.net/a/argparse/_attachments/argparse-1.0.10.tgz",
      "integrity": "sha512-o5Roy6tNG4SL/FOkCAN6RzjiakZS25RLYFrcMttJqbdd8BWrnA+fGz57iN5Pb06pvBGvl5gQ0B48dJlslXvoTg==",
      "requires": {
        "sprintf-js": "~1.0.2"
      }
    },
    "asap": {
      "version": "2.0.6",
      "resolved": "https://registry.npmjs.intuit.net/a/asap/_attachments/asap-2.0.6.tgz",
      "integrity": "sha1-5QNHYR1+aQlDIIu9r+vLwvuGbUY="
    },
    "babel-plugin-emotion": {
      "version": "9.2.0",
      "resolved": "https://registry.npmjs.intuit.net/b/babel-plugin-emotion/_attachments/babel-plugin-emotion-9.2.0.tgz",
      "integrity": "sha1-Q1Q90Cx7XNidRkru3vhk7bdUuFI=",
      "requires": {
        "@babel/helper-module-imports": "7.0.0-beta.40",
        "@emotion/babel-utils": "^0.5.3",
        "@emotion/hash": "^0.6.2",
        "@emotion/memoize": "^0.6.1",
        "@emotion/stylis": "^0.6.5",
        "babel-plugin-macros": "^2.0.0",
        "babel-plugin-syntax-jsx": "^6.18.0",
        "convert-source-map": "^1.5.0",
        "find-root": "^1.1.0",
        "mkdirp": "^0.5.1",
        "source-map": "^0.5.7",
        "touch": "^1.0.0"
      }
    },
    "babel-plugin-macros": {
      "version": "2.2.2",
      "resolved": "https://registry.npmjs.intuit.net/b/babel-plugin-macros/_attachments/babel-plugin-macros-2.2.2.tgz",
      "integrity": "sha512-wq6DYqjNmSPskGyhOeRIbmuvLtsHTfc6ROtGqapTttIGL1RoQmM3V5N8aJiDxPaw3/fveIsVspF51E3V7qTOMQ==",
      "requires": {
        "cosmiconfig": "^4.0.0"
      }
    },
    "babel-plugin-syntax-jsx": {
      "version": "6.18.0",
      "resolved": "https://registry.npmjs.intuit.net/b/babel-plugin-syntax-jsx/_attachments/babel-plugin-syntax-jsx-6.18.0.tgz",
      "integrity": "sha1-CvMqmm4Tyno/1QaeYtew9Y0NiUY="
    },
    "babel-runtime": {
      "version": "6.26.0",
      "resolved": "https://registry.npmjs.intuit.net/b/babel-runtime/_attachments/babel-runtime-6.26.0.tgz",
      "integrity": "sha1-llxwWGaOgrVde/4E/yM3vItWR/4=",
      "requires": {
        "core-js": "^2.4.0",
        "regenerator-runtime": "^0.11.0"
      }
    },
    "change-emitter": {
      "version": "0.1.6",
      "resolved": "https://registry.npmjs.intuit.net/c/change-emitter/_attachments/change-emitter-0.1.6.tgz",
      "integrity": "sha1-6LL+PX8at9aaMhma/5HqaTFAlRU="
    },
    "convert-source-map": {
      "version": "1.5.1",
      "resolved": "https://registry.npmjs.intuit.net/c/convert-source-map/_attachments/convert-source-map-1.5.1.tgz",
      "integrity": "sha1-uCeAl7m8IpNl3lxiz1/K7YtVmeU="
    },
    "core-js": {
      "version": "2.5.7",
      "resolved": "https://registry.npmjs.intuit.net/c/core-js/_attachments/core-js-2.5.7.tgz",
      "integrity": "sha512-RszJCAxg/PP6uzXVXL6BsxSXx/B05oJAQ2vkJRjyjrEcNVycaqOmNb5OTxZPE3xa5gwZduqza6L9JOCenh/Ecw=="
    },
    "cosmiconfig": {
      "version": "4.0.0",
      "resolved": "https://registry.npmjs.intuit.net/c/cosmiconfig/_attachments/cosmiconfig-4.0.0.tgz",
      "integrity": "sha512-6e5vDdrXZD+t5v0L8CrurPeybg4Fmf+FCSYxXKYVAqLUtyCSbuyqE059d0kDthTNRzKVjL7QMgNpEUlsoYH3iQ==",
      "requires": {
        "is-directory": "^0.3.1",
        "js-yaml": "^3.9.0",
        "parse-json": "^4.0.0",
        "require-from-string": "^2.0.1"
      }
    },
    "create-emotion-styled": {
      "version": "9.2.1",
      "resolved": "https://registry.npmjs.intuit.net/c/create-emotion-styled/_attachments/create-emotion-styled-9.2.1.tgz",
      "integrity": "sha1-c+uaxz5ckV2ANZQr3n6OAS7X6Xs=",
      "requires": {
        "@emotion/is-prop-valid": "^0.6.1"
      }
    },
    "encoding": {
      "version": "0.1.12",
      "resolved": "https://registry.npmjs.intuit.net/e/encoding/_attachments/encoding-0.1.12.tgz",
      "integrity": "sha1-U4tm8+5izRq1HsMjgp0flIDHS+s=",
      "requires": {
        "iconv-lite": "~0.4.13"
      }
    },
    "error-ex": {
      "version": "1.3.1",
      "resolved": "https://registry.npmjs.intuit.net/e/error-ex/_attachments/error-ex-1.3.1.tgz",
      "integrity": "sha1-+FWobOYa3E6GIcPNoh56dhLDqNw=",
      "requires": {
        "is-arrayish": "^0.2.1"
      }
    },
    "esprima": {
      "version": "4.0.0",
      "resolved": "https://registry.npmjs.intuit.net/e/esprima/_attachments/esprima-4.0.0.tgz",
      "integrity": "sha512-oftTcaMu/EGrEIu904mWteKIv8vMuOgGYo7EhVJJN00R/EED9DCua/xxHRdYnKtcECzVg7xOWhflvJMnqcFZjw=="
    },
    "esutils": {
      "version": "2.0.2",
      "resolved": "https://registry.npmjs.intuit.net/e/esutils/_attachments/esutils-2.0.2.tgz",
      "integrity": "sha1-Cr9PHKpbyx96nYrMbepPqqBLrJs="
    },
    "fbjs": {
      "version": "0.8.16",
      "resolved": "https://registry.npmjs.intuit.net/f/fbjs/_attachments/fbjs-0.8.16.tgz",
      "integrity": "sha1-XmdDL1UNxBtXK/VYR7ispk5TN9s=",
      "requires": {
        "core-js": "^1.0.0",
        "isomorphic-fetch": "^2.1.1",
        "loose-envify": "^1.0.0",
        "object-assign": "^4.1.0",
        "promise": "^7.1.1",
        "setimmediate": "^1.0.5",
        "ua-parser-js": "^0.7.9"
      },
      "dependencies": {
        "core-js": {
          "version": "1.2.7",
          "resolved": "https://registry.npmjs.intuit.net/c/core-js/_attachments/core-js-1.2.7.tgz",
          "integrity": "sha1-ZSKUwUZR2yj6k70tX/KYOk8IxjY="
        }
      }
    },
    "find-root": {
      "version": "1.1.0",
      "resolved": "https://registry.npmjs.intuit.net/f/find-root/_attachments/find-root-1.1.0.tgz",
      "integrity": "sha512-NKfW6bec6GfKc0SGx1e07QZY9PE99u0Bft/0rzSD5k3sO/vwkVUpDUKVm5Gpp5Ue3YfShPFTX2070tDs5kB9Ng=="
    },
    "hoist-non-react-statics": {
      "version": "2.5.3",
      "resolved": "https://registry.npmjs.intuit.net/h/hoist-non-react-statics/_attachments/hoist-non-react-statics-2.5.3.tgz",
      "integrity": "sha512-HGQcjn2qN9C40y81GvHhVODr2Ni0Ea2QG+ofWmc0GunB8xnnBK9KXcQSCynQeG5Qu7hBobNkhxY0R4XWu0W+4A=="
    },
    "iconv-lite": {
      "version": "0.4.23",
      "resolved": "https://registry.npmjs.intuit.net/i/iconv-lite/_attachments/iconv-lite-0.4.23.tgz",
      "integrity": "sha512-neyTUVFtahjf0mB3dZT77u+8O0QB89jFdnBkd5P1JgYPbPaia3gXXOVL2fq8VyU2gMMD7SaN7QukTB/pmXYvDA==",
      "requires": {
        "safer-buffer": ">= 2.1.2 < 3"
      }
    },
    "is-arrayish": {
      "version": "0.2.1",
      "resolved": "https://registry.npmjs.intuit.net/i/is-arrayish/_attachments/is-arrayish-0.2.1.tgz",
      "integrity": "sha1-d8mYQFJ6qOyxqLppe4BkWnqSap0="
    },
    "is-directory": {
      "version": "0.3.1",
      "resolved": "https://registry.npmjs.intuit.net/i/is-directory/_attachments/is-directory-0.3.1.tgz",
      "integrity": "sha1-YTObbyR1/Hcv2cnYP1yFddwVSuE="
    },
    "is-stream": {
      "version": "1.1.0",
      "resolved": "https://registry.npmjs.intuit.net/i/is-stream/_attachments/is-stream-1.1.0.tgz",
      "integrity": "sha1-EtSj3U5o4Lec6428hBc66A2RykQ="
    },
    "isomorphic-fetch": {
      "version": "2.2.1",
      "resolved": "https://registry.npmjs.intuit.net/i/isomorphic-fetch/_attachments/isomorphic-fetch-2.2.1.tgz",
      "integrity": "sha1-YRrhrPFPXoH3KVB0coGf6XM1WKk=",
      "requires": {
        "node-fetch": "^1.0.1",
        "whatwg-fetch": ">=0.10.0"
      }
    },
    "js-tokens": {
      "version": "3.0.2",
      "resolved": "https://registry.npmjs.intuit.net/j/js-tokens/_attachments/js-tokens-3.0.2.tgz",
      "integrity": "sha1-mGbfOVECEw449/mWvOtlRDIJwls="
    },
    "js-yaml": {
      "version": "3.12.0",
      "resolved": "https://registry.npmjs.intuit.net/j/js-yaml/_attachments/js-yaml-3.12.0.tgz",
      "integrity": "sha512-PIt2cnwmPfL4hKNwqeiuz4bKfnzHTBv6HyVgjahA6mPLwPDzjDWrplJBMjHUFxku/N3FlmrbyPclad+I+4mJ3A==",
      "requires": {
        "argparse": "^1.0.7",
        "esprima": "^4.0.0"
      }
    },
    "json-parse-better-errors": {
      "version": "1.0.2",
      "resolved": "https://registry.npmjs.intuit.net/j/json-parse-better-errors/_attachments/json-parse-better-errors-1.0.2.tgz",
      "integrity": "sha512-mrqyZKfX5EhL7hvqcV6WG1yYjnjeuYDzDhhcAAUrq8Po85NBQBJP+ZDUT75qZQ98IkUoBqdkExkukOU7Ts2wrw=="
    },
    "lodash": {
      "version": "4.17.10",
      "resolved": "https://registry.npmjs.intuit.net/l/lodash/_attachments/lodash-4.17.10.tgz",
      "integrity": "sha512-UejweD1pDoXu+AD825lWwp4ZGtSwgnpZxb3JDViD7StjQz+Nb/6l093lx4OQ0foGWNRoc19mWy7BzL+UAK2iVg=="
    },
    "loose-envify": {
      "version": "1.3.1",
      "resolved": "https://registry.npmjs.intuit.net/l/loose-envify/_attachments/loose-envify-1.3.1.tgz",
      "integrity": "sha1-0aitM/qc4OcT1l/dCsi3SNR4yEg=",
      "requires": {
        "js-tokens": "^3.0.0"
      }
    },
    "minimist": {
      "version": "0.0.8",
      "resolved": "https://registry.npmjs.intuit.net/m/minimist/_attachments/minimist-0.0.8.tgz",
      "integrity": "sha1-hX/Kv8M5fSYluCKCYuhqp6ARsF0="
    },
    "mkdirp": {
      "version": "0.5.1",
      "resolved": "https://registry.npmjs.intuit.net/m/mkdirp/_attachments/mkdirp-0.5.1.tgz",
      "integrity": "sha1-MAV0OOrGz3+MR2fzhkjWaX11yQM=",
      "requires": {
        "minimist": "0.0.8"
      }
    },
    "node-fetch": {
      "version": "1.7.3",
      "resolved": "https://registry.npmjs.intuit.net/n/node-fetch/_attachments/node-fetch-1.7.3.tgz",
      "integrity": "sha512-NhZ4CsKx7cYm2vSrBAr2PvFOe6sWDf0UYLRqA6svUYg7+/TSfVAu49jYC4BvQ4Sms9SZgdqGBgroqfDhJdTyKQ==",
      "requires": {
        "encoding": "^0.1.11",
        "is-stream": "^1.0.1"
      }
    },
    "nopt": {
      "version": "1.0.10",
      "resolved": "https://registry.npmjs.intuit.net/n/nopt/_attachments/nopt-1.0.10.tgz",
      "integrity": "sha1-bd0hvSoxQXuScn3Vhfim83YI6+4=",
      "requires": {
        "abbrev": "1"
      }
    },
    "object-assign": {
      "version": "4.1.1",
      "resolved": "https://registry.npmjs.intuit.net/o/object-assign/_attachments/object-assign-4.1.1.tgz",
      "integrity": "sha1-IQmtx5ZYh8/AXLvUQsrIv7s2CGM="
    },
    "parse-json": {
      "version": "4.0.0",
      "resolved": "https://registry.npmjs.intuit.net/p/parse-json/_attachments/parse-json-4.0.0.tgz",
      "integrity": "sha1-vjX1Qlvh9/bHRxhPmKeIy5lHfuA=",
      "requires": {
        "error-ex": "^1.3.1",
        "json-parse-better-errors": "^1.0.1"
      }
    },
    "promise": {
      "version": "7.3.1",
      "resolved": "https://registry.npmjs.intuit.net/p/promise/_attachments/promise-7.3.1.tgz",
      "integrity": "sha512-nolQXZ/4L+bP/UGlkfaIujX9BKxGwmQ9OT4mOt5yvy8iK1h3wqTEJCijzGANTCCl9nWjY41juyAn2K3Q1hLLTg==",
      "requires": {
        "asap": "~2.0.3"
      }
    },
    "react-emotion": {
      "version": "9.2.1",
      "resolved": "https://registry.npmjs.intuit.net/r/react-emotion/_attachments/react-emotion-9.2.1.tgz",
      "integrity": "sha1-T4oq5tgoG6um4n2VZEADyweEP7A=",
      "requires": {
        "babel-plugin-emotion": "^9.2.0",
        "create-emotion-styled": "^9.2.1"
      }
    },
    "react-lifecycles-compat": {
      "version": "3.0.4",
      "resolved": "https://registry.npmjs.intuit.net/r/react-lifecycles-compat/_attachments/react-lifecycles-compat-3.0.4.tgz",
      "integrity": "sha512-fBASbA6LnOU9dOU2eW7aQ8xmYBSXUIWr+UmF9b1efZBazGNO+rcXT/icdKnYm2pTwcRylVUYwW7H1PHfLekVzA=="
    },
    "recompose": {
      "version": "0.27.1",
      "resolved": "https://registry.npmjs.intuit.net/r/recompose/_attachments/recompose-0.27.1.tgz",
      "integrity": "sha512-p7xsyi/rfNjHfdP7vPU02uSFa+Q1eHhjKrvO+3+kRP4Ortj+MxEmpmd+UQtBGM2D2iNAjzNI5rCyBKp9Ob5McA==",
      "requires": {
        "babel-runtime": "^6.26.0",
        "change-emitter": "^0.1.2",
        "fbjs": "^0.8.1",
        "hoist-non-react-statics": "^2.3.1",
        "react-lifecycles-compat": "^3.0.2",
        "symbol-observable": "^1.0.4"
      }
    },
    "regenerator-runtime": {
      "version": "0.11.1",
      "resolved": "https://registry.npmjs.intuit.net/r/regenerator-runtime/_attachments/regenerator-runtime-0.11.1.tgz",
      "integrity": "sha512-MguG95oij0fC3QV3URf4V2SDYGJhJnJGqvIIgdECeODCT98wSWDAJ94SSuVpYQUoTcGUIL6L4yNB7j1DFFHSBg=="
    },
    "require-from-string": {
      "version": "2.0.2",
      "resolved": "https://registry.npmjs.intuit.net/r/require-from-string/_attachments/require-from-string-2.0.2.tgz",
      "integrity": "sha512-Xf0nWe6RseziFMu+Ap9biiUbmplq6S9/p+7w7YXP/JBHhrUDDUhwa+vANyubuqfZWTveU//DYVGsDG7RKL/vEw=="
    },
    "safer-buffer": {
      "version": "2.1.2",
      "resolved": "https://registry.npmjs.intuit.net/s/safer-buffer/_attachments/safer-buffer-2.1.2.tgz",
      "integrity": "sha512-YZo3K82SD7Riyi0E1EQPojLz7kpepnSQI9IyPbHHg1XXXevb5dJI7tpyN2ADxGcQbHG7vcyRHk0cbwqcQriUtg=="
    },
    "setimmediate": {
      "version": "1.0.5",
      "resolved": "https://registry.npmjs.intuit.net/s/setimmediate/_attachments/setimmediate-1.0.5.tgz",
      "integrity": "sha1-KQy7Iy4waULX1+qbg3Mqt4VvgoU="
    },
    "source-map": {
      "version": "0.5.7",
      "resolved": "https://registry.npmjs.intuit.net/s/source-map/_attachments/source-map-0.5.7.tgz",
      "integrity": "sha1-igOdLRAh0i0eoUyA2OpGi6LvP8w="
    },
    "sprintf-js": {
      "version": "1.0.3",
      "resolved": "https://registry.npmjs.intuit.net/s/sprintf-js/_attachments/sprintf-js-1.0.3.tgz",
      "integrity": "sha1-BOaSb2YolTVPPdAVIDYzuFcpfiw="
    },
    "symbol-observable": {
      "version": "1.2.0",
      "resolved": "https://registry.npmjs.intuit.net/s/symbol-observable/_attachments/symbol-observable-1.2.0.tgz",
      "integrity": "sha512-e900nM8RRtGhlV36KGEU9k65K3mPb1WV70OdjfxlG2EAuM1noi/E/BaW/uMhL7bPEssK8QV57vN3esixjUvcXQ=="
    },
    "to-fast-properties": {
      "version": "2.0.0",
      "resolved": "https://registry.npmjs.intuit.net/t/to-fast-properties/_attachments/to-fast-properties-2.0.0.tgz",
      "integrity": "sha1-3F5pjL0HkmW8c+A3doGk5Og/YW4="
    },
    "touch": {
      "version": "1.0.0",
      "resolved": "https://registry.npmjs.intuit.net/t/touch/_attachments/touch-1.0.0.tgz",
      "integrity": "sha1-RJy+LbrlqMgDjjDXH6D/RklHxN4=",
      "requires": {
        "nopt": "~1.0.10"
      }
    },
    "ua-parser-js": {
      "version": "0.7.18",
      "resolved": "https://registry.npmjs.intuit.net/u/ua-parser-js/_attachments/ua-parser-js-0.7.18.tgz",
      "integrity": "sha512-LtzwHlVHwFGTptfNSgezHp7WUlwiqb0gA9AALRbKaERfxwJoiX0A73QbTToxteIAuIaFshhgIZfqK8s7clqgnA=="
    },
    "whatwg-fetch": {
      "version": "2.0.4",
      "resolved": "https://registry.npmjs.intuit.net/w/whatwg-fetch/_attachments/whatwg-fetch-2.0.4.tgz",
      "integrity": "sha512-dcQ1GWpOD/eEQ97k66aiEVpNnapVj90/+R+SXTPYGHpYBBypfKJEQjLrvMZ7YXbKm21gXd4NcuxUTjiv1YtLng=="
    }
  }
}
